
Microsoft Visual Studio Solution File, Format Version 12.00
# Visual Studio Version 17
VisualStudioVersion = 17.6.33829.357
MinimumVisualStudioVersion = 10.0.40219.1
Project("{9A19103F-16F7-4668-BE54-9A1E7A4F7556}") = "StartKit.Blazor.WebAssembly.Client", "StartKit.Blazor.WebAssembly.Client\StartKit.Blazor.WebAssembly.Client.csproj", "{166F82BB-C427-49DA-98C5-6CBDC1144491}"
EndProject
Project("{9A19103F-16F7-4668-BE54-9A1E7A4F7556}") = "StartKit.Blazor.WebAssembly.Server", "StartKit.Blazor.WebAssembly.Server\StartKit.Blazor.WebAssembly.Server.csproj", "{BF7BFDFE-92FA-40CF-9B09-F5E342703825}"
EndProject
Project("{9A19103F-16F7-4668-BE54-9A1E7A4F7556}") = "StartKit.Blazor.WebAssembly.Shared", "StartKit.Blazor.WebAssembly.Shared\StartKit.Blazor.WebAssembly.Shared.csproj", "{208B95D6-3BD8-48DF-ACC1-5912C2576A64}"
EndProject
Global
	GlobalSection(SolutionConfigurationPlatforms) = preSolution
		Debug|Any CPU = Debug|Any CPU
		Release|Any CPU = Release|Any CPU
	EndGlobalSection
	GlobalSection(ProjectConfigurationPlatforms) = postSolution
		{166F82BB-C427-49DA-98C5-6CBDC1144491}.Debug|Any CPU.ActiveCfg = Debug|Any CPU
		{166F82BB-C427-49DA-98C5-6CBDC1144491}.Debug|Any CPU.Build.0 = Debug|Any CPU
		{166F82BB-C427-49DA-98C5-6CBDC1144491}.Release|Any CPU.ActiveCfg = Release|Any CPU
		{166F82BB-C427-49DA-98C5-6CBDC1144491}.Release|Any CPU.Build.0 = Release|Any CPU
		{BF7BFDFE-92FA-40CF-9B09-F5E342703825}.Debug|Any CPU.ActiveCfg = Debug|Any CPU
		{BF7BFDFE-92FA-40CF-9B09-F5E342703825}.Debug|Any CPU.Build.0 = Debug|Any CPU
		{BF7BFDFE-92FA-40CF-9B09-F5E342703825}.Release|Any CPU.ActiveCfg = Release|Any CPU
		{BF7BFDFE-92FA-40CF-9B09-F5E342703825}.Release|Any CPU.Build.0 = Release|Any CPU
		{208B95D6-3BD8-48DF-ACC1-5912C2576A64}.Debug|Any CPU.ActiveCfg = Debug|Any CPU
		{208B95D6-3BD8-48DF-ACC1-5912C2576A64}.Debug|Any CPU.Build.0 = Debug|Any CPU
		{208B95D6-3BD8-48DF-ACC1-5912C2576A64}.Release|Any CPU.ActiveCfg = Release|Any CPU
		{208B95D6-3BD8-48DF-ACC1-5912C2576A64}.Release|Any CPU.Build.0 = Release|Any CPU
	EndGlobalSection
	GlobalSection(SolutionProperties) = preSolution
		HideSolutionNode = FALSE
	EndGlobalSection
	GlobalSection(ExtensibilityGlobals) = postSolution
		SolutionGuid = {64704A80-DF35-46E2-8E22-BC6E0978432A}
	EndGlobalSection
EndGlobal
